
Microsoft Visual Studio Solution File, Format Version 12.00
# Visual Studio 15
Project("{FAE04EC0-301F-11D3-BF4B-00C04F79EFBC}") = "Assembly-CSharp", "Assembly-CSharp.csproj", "{4E0262C0-B245-9C23-20D7-B1A84C0BC274}"
EndProject
Project("{FAE04EC0-301F-11D3-BF4B-00C04F79EFBC}") = "Assembly-CSharp-Editor", "Assembly-CSharp-Editor.csproj", "{67E6A7AE-6C7A-FAD9-4460-7C953F836997}"
EndProject
Global
	GlobalSection(SolutionConfigurationPlatforms) = preSolution
		Debug|Any CPU = Debug|Any CPU
		Release|Any CPU = Release|Any CPU
	EndGlobalSection
	GlobalSection(ProjectConfigurationPlatforms) = postSolution
		{4E0262C0-B245-9C23-20D7-B1A84C0BC274}.Debug|Any CPU.ActiveCfg = Debug|Any CPU
		{4E0262C0-B245-9C23-20D7-B1A84C0BC274}.Debug|Any CPU.Build.0 = Debug|Any CPU
		{4E0262C0-B245-9C23-20D7-B1A84C0BC274}.Release|Any CPU.ActiveCfg = Release|Any CPU
		{4E0262C0-B245-9C23-20D7-B1A84C0BC274}.Release|Any CPU.Build.0 = Release|Any CPU
		{67E6A7AE-6C7A-FAD9-4460-7C953F836997}.Debug|Any CPU.ActiveCfg = Debug|Any CPU
		{67E6A7AE-6C7A-FAD9-4460-7C953F836997}.Debug|Any CPU.Build.0 = Debug|Any CPU
		{67E6A7AE-6C7A-FAD9-4460-7C953F836997}.Release|Any CPU.ActiveCfg = Release|Any CPU
		{67E6A7AE-6C7A-FAD9-4460-7C953F836997}.Release|Any CPU.Build.0 = Release|Any CPU
	EndGlobalSection
	GlobalSection(SolutionProperties) = preSolution
		HideSolutionNode = FALSE
	EndGlobalSection
EndGlobal
